// !$*UTF8*$!
{
	archiveVersion = 1;
	classes = {
	};
	objectVersion = 55;
	objects = {

/* Begin PBXBuildFile section */
		7232DFF79991F250EE49B80D /* Pods_FYP.framework in Frameworks */ = {isa = PBXBuildFile; fileRef = 9FC5057FAFF0DFA5DB72909D /* Pods_FYP.framework */; };
		C2D93FC827EC850F00F7BD2C /* HDKeychain.swift in Sources */ = {isa = PBXBuildFile; fileRef = C2D93FC727EC850F00F7BD2C /* HDKeychain.swift */; };
		CE7F2EB027C66C9400A026BD /* HDPrivateKey.swift in Sources */ = {isa = PBXBuildFile; fileRef = CE7F2EAF27C66C9400A026BD /* HDPrivateKey.swift */; };
		CE7F2EB227C66CA200A026BD /* HDPublicKey.swift in Sources */ = {isa = PBXBuildFile; fileRef = CE7F2EB127C66CA200A026BD /* HDPublicKey.swift */; };
		CE7F2EB427C675C200A026BD /* Crypto.swift in Sources */ = {isa = PBXBuildFile; fileRef = CE7F2EB327C675C200A026BD /* Crypto.swift */; };
		CE95080C27CF8C9A00926835 /* BInt.swift in Sources */ = {isa = PBXBuildFile; fileRef = CE95080B27CF8C9A00926835 /* BInt.swift */; };
		CE95080E27CF8D0C00926835 /* BInt-Extensions.swift in Sources */ = {isa = PBXBuildFile; fileRef = CE95080D27CF8D0C00926835 /* BInt-Extensions.swift */; };
		CE95081127D0B0D900926835 /* SwiftECC in Frameworks */ = {isa = PBXBuildFile; productRef = CE95081027D0B0D900926835 /* SwiftECC */; };
		CEEBB2B227A18EA200696424 /* FYPApp.swift in Sources */ = {isa = PBXBuildFile; fileRef = CEEBB2B127A18EA200696424 /* FYPApp.swift */; };
		CEEBB2B427A18EA200696424 /* ContentView.swift in Sources */ = {isa = PBXBuildFile; fileRef = CEEBB2B327A18EA200696424 /* ContentView.swift */; };
		CEEBB2B627A18EA300696424 /* Assets.xcassets in Resources */ = {isa = PBXBuildFile; fileRef = CEEBB2B527A18EA300696424 /* Assets.xcassets */; };
		CEEBB2B927A18EA300696424 /* Preview Assets.xcassets in Resources */ = {isa = PBXBuildFile; fileRef = CEEBB2B827A18EA300696424 /* Preview Assets.xcassets */; };
		CEEBB2C227A2E35500696424 /* Mnemonic.swift in Sources */ = {isa = PBXBuildFile; fileRef = CEEBB2C127A2E35500696424 /* Mnemonic.swift */; };
		CEEBB2C427A2E82600696424 /* MnemonicWordsList.swift in Sources */ = {isa = PBXBuildFile; fileRef = CEEBB2C327A2E82600696424 /* MnemonicWordsList.swift */; };
		CEEBB2C627A3CEE000696424 /* Extensions.swift in Sources */ = {isa = PBXBuildFile; fileRef = CEEBB2C527A3CEE000696424 /* Extensions.swift */; };
		CEEBB2DB27A6B88300696424 /* MnemonicTests.swift in Sources */ = {isa = PBXBuildFile; fileRef = CEEBB2DA27A6B88300696424 /* MnemonicTests.swift */; };
		CEEBB2E027A6BEBD00696424 /* vectors.json in Resources */ = {isa = PBXBuildFile; fileRef = CEEBB2DF27A6BEBD00696424 /* vectors.json */; };
		CEEBB2E127A6BEBD00696424 /* vectors.json in Resources */ = {isa = PBXBuildFile; fileRef = CEEBB2DF27A6BEBD00696424 /* vectors.json */; };
/* End PBXBuildFile section */

/* Begin PBXContainerItemProxy section */
		CEEBB2D427A6B85D00696424 /* PBXContainerItemProxy */ = {
			isa = PBXContainerItemProxy;
			containerPortal = CEEBB2A627A18EA200696424 /* Project object */;
			proxyType = 1;
			remoteGlobalIDString = CEEBB2AD27A18EA200696424;
			remoteInfo = FYP;
		};
/* End PBXContainerItemProxy section */

/* Begin PBXFileReference section */
		9FC5057FAFF0DFA5DB72909D /* Pods_FYP.framework */ = {isa = PBXFileReference; explicitFileType = wrapper.framework; includeInIndex = 0; path = Pods_FYP.framework; sourceTree = BUILT_PRODUCTS_DIR; };
		C2D93FC727EC850F00F7BD2C /* HDKeychain.swift */ = {isa = PBXFileReference; lastKnownFileType = sourcecode.swift; path = HDKeychain.swift; sourceTree = "<group>"; };
		CE7F2EAF27C66C9400A026BD /* HDPrivateKey.swift */ = {isa = PBXFileReference; lastKnownFileType = sourcecode.swift; path = HDPrivateKey.swift; sourceTree = "<group>"; };
		CE7F2EB127C66CA200A026BD /* HDPublicKey.swift */ = {isa = PBXFileReference; lastKnownFileType = sourcecode.swift; path = HDPublicKey.swift; sourceTree = "<group>"; };
		CE7F2EB327C675C200A026BD /* Crypto.swift */ = {isa = PBXFileReference; lastKnownFileType = sourcecode.swift; path = Crypto.swift; sourceTree = "<group>"; };
		CE95080B27CF8C9A00926835 /* BInt.swift */ = {isa = PBXFileReference; lastKnownFileType = sourcecode.swift; path = BInt.swift; sourceTree = "<group>"; };
		CE95080D27CF8D0C00926835 /* BInt-Extensions.swift */ = {isa = PBXFileReference; lastKnownFileType = sourcecode.swift; path = "BInt-Extensions.swift"; sourceTree = "<group>"; };
		CEEBB2AE27A18EA200696424 /* FYP.app */ = {isa = PBXFileReference; explicitFileType = wrapper.application; includeInIndex = 0; path = FYP.app; sourceTree = BUILT_PRODUCTS_DIR; };
		CEEBB2B127A18EA200696424 /* FYPApp.swift */ = {isa = PBXFileReference; lastKnownFileType = sourcecode.swift; path = FYPApp.swift; sourceTree = "<group>"; };
		CEEBB2B327A18EA200696424 /* ContentView.swift */ = {isa = PBXFileReference; lastKnownFileType = sourcecode.swift; path = ContentView.swift; sourceTree = "<group>"; };
		CEEBB2B527A18EA300696424 /* Assets.xcassets */ = {isa = PBXFileReference; lastKnownFileType = folder.assetcatalog; path = Assets.xcassets; sourceTree = "<group>"; };
		CEEBB2B827A18EA300696424 /* Preview Assets.xcassets */ = {isa = PBXFileReference; lastKnownFileType = folder.assetcatalog; path = "Preview Assets.xcassets"; sourceTree = "<group>"; };
		CEEBB2C127A2E35500696424 /* Mnemonic.swift */ = {isa = PBXFileReference; lastKnownFileType = sourcecode.swift; path = Mnemonic.swift; sourceTree = "<group>"; };
		CEEBB2C327A2E82600696424 /* MnemonicWordsList.swift */ = {isa = PBXFileReference; lastKnownFileType = sourcecode.swift; path = MnemonicWordsList.swift; sourceTree = "<group>"; };
		CEEBB2C527A3CEE000696424 /* Extensions.swift */ = {isa = PBXFileReference; lastKnownFileType = sourcecode.swift; path = Extensions.swift; sourceTree = "<group>"; };
		CEEBB2D027A6B85D00696424 /* FYPTests.xctest */ = {isa = PBXFileReference; explicitFileType = wrapper.cfbundle; includeInIndex = 0; path = FYPTests.xctest; sourceTree = BUILT_PRODUCTS_DIR; };
		CEEBB2DA27A6B88300696424 /* MnemonicTests.swift */ = {isa = PBXFileReference; lastKnownFileType = sourcecode.swift; path = MnemonicTests.swift; sourceTree = "<group>"; };
		CEEBB2DF27A6BEBD00696424 /* vectors.json */ = {isa = PBXFileReference; fileEncoding = 4; lastKnownFileType = text.json; path = vectors.json; sourceTree = "<group>"; };
		E601697D0EDC6A53F5ADC353 /* Pods-FYP.release.xcconfig */ = {isa = PBXFileReference; includeInIndex = 1; lastKnownFileType = text.xcconfig; name = "Pods-FYP.release.xcconfig"; path = "Target Support Files/Pods-FYP/Pods-FYP.release.xcconfig"; sourceTree = "<group>"; };
		E91D3333F591793E2529903D /* Pods-FYP.debug.xcconfig */ = {isa = PBXFileReference; includeInIndex = 1; lastKnownFileType = text.xcconfig; name = "Pods-FYP.debug.xcconfig"; path = "Target Support Files/Pods-FYP/Pods-FYP.debug.xcconfig"; sourceTree = "<group>"; };
/* End PBXFileReference section */

/* Begin PBXFrameworksBuildPhase section */
		CEEBB2AB27A18EA200696424 /* Frameworks */ = {
			isa = PBXFrameworksBuildPhase;
			buildActionMask = 2147483647;
			files = (
				CE95081127D0B0D900926835 /* SwiftECC in Frameworks */,
				7232DFF79991F250EE49B80D /* Pods_FYP.framework in Frameworks */,
			);
			runOnlyForDeploymentPostprocessing = 0;
		};
		CEEBB2CD27A6B85D00696424 /* Frameworks */ = {
			isa = PBXFrameworksBuildPhase;
			buildActionMask = 2147483647;
			files = (
			);
			runOnlyForDeploymentPostprocessing = 0;
		};
/* End PBXFrameworksBuildPhase section */

/* Begin PBXGroup section */
		4B9B261B8335267804FBFB7C /* Pods */ = {
			isa = PBXGroup;
			children = (
				E91D3333F591793E2529903D /* Pods-FYP.debug.xcconfig */,
				E601697D0EDC6A53F5ADC353 /* Pods-FYP.release.xcconfig */,
			);
			path = Pods;
			sourceTree = "<group>";
		};
		7E84990C05E2A4F6BCCE2D81 /* Frameworks */ = {
			isa = PBXGroup;
			children = (
				9FC5057FAFF0DFA5DB72909D /* Pods_FYP.framework */,
			);
			name = Frameworks;
			sourceTree = "<group>";
		};
		C2D93FC627EC84CE00F7BD2C /* HDWallet */ = {
			isa = PBXGroup;
			children = (
				CEEBB2C127A2E35500696424 /* Mnemonic.swift */,
				CEEBB2C327A2E82600696424 /* MnemonicWordsList.swift */,
				CE7F2EAF27C66C9400A026BD /* HDPrivateKey.swift */,
				CE7F2EB127C66CA200A026BD /* HDPublicKey.swift */,
				C2D93FC727EC850F00F7BD2C /* HDKeychain.swift */,
			);
			path = HDWallet;
			sourceTree = "<group>";
		};
		CE95080A27CF8C8800926835 /* BInt */ = {
			isa = PBXGroup;
			children = (
				CE95080B27CF8C9A00926835 /* BInt.swift */,
				CE95080D27CF8D0C00926835 /* BInt-Extensions.swift */,
			);
			path = BInt;
			sourceTree = "<group>";
		};
		CEEBB2A527A18EA200696424 = {
			isa = PBXGroup;
			children = (
				CEEBB2B027A18EA200696424 /* FYP */,
				CEEBB2D127A6B85D00696424 /* FYPTests */,
				CEEBB2AF27A18EA200696424 /* Products */,
				4B9B261B8335267804FBFB7C /* Pods */,
				7E84990C05E2A4F6BCCE2D81 /* Frameworks */,
			);
			sourceTree = "<group>";
		};
		CEEBB2AF27A18EA200696424 /* Products */ = {
			isa = PBXGroup;
			children = (
				CEEBB2AE27A18EA200696424 /* FYP.app */,
				CEEBB2D027A6B85D00696424 /* FYPTests.xctest */,
			);
			name = Products;
			sourceTree = "<group>";
		};
		CEEBB2B027A18EA200696424 /* FYP */ = {
			isa = PBXGroup;
			children = (
				CEEBB2C027A2E33E00696424 /* Core */,
				CEEBB2BF27A2E32500696424 /* Models */,
				CEEBB2B127A18EA200696424 /* FYPApp.swift */,
				CEEBB2B327A18EA200696424 /* ContentView.swift */,
				CEEBB2B527A18EA300696424 /* Assets.xcassets */,
				CEEBB2B727A18EA300696424 /* Preview Content */,
			);
			path = FYP;
			sourceTree = "<group>";
		};
		CEEBB2B727A18EA300696424 /* Preview Content */ = {
			isa = PBXGroup;
			children = (
				CEEBB2B827A18EA300696424 /* Preview Assets.xcassets */,
			);
			path = "Preview Content";
			sourceTree = "<group>";
		};
		CEEBB2BF27A2E32500696424 /* Models */ = {
			isa = PBXGroup;
			children = (
			);
			path = Models;
			sourceTree = "<group>";
		};
		CEEBB2C027A2E33E00696424 /* Core */ = {
			isa = PBXGroup;
			children = (
				CE95080A27CF8C8800926835 /* BInt */,
				C2D93FC627EC84CE00F7BD2C /* HDWallet */,
				CEEBB2C527A3CEE000696424 /* Extensions.swift */,
				CE7F2EB327C675C200A026BD /* Crypto.swift */,
			);
			path = Core;
			sourceTree = "<group>";
		};
		CEEBB2D127A6B85D00696424 /* FYPTests */ = {
			isa = PBXGroup;
			children = (
				CEEBB2DF27A6BEBD00696424 /* vectors.json */,
				CEEBB2DA27A6B88300696424 /* MnemonicTests.swift */,
			);
			path = FYPTests;
			sourceTree = "<group>";
		};
/* End PBXGroup section */

/* Begin PBXNativeTarget section */
		CEEBB2AD27A18EA200696424 /* FYP */ = {
			isa = PBXNativeTarget;
			buildConfigurationList = CEEBB2BC27A18EA300696424 /* Build configuration list for PBXNativeTarget "FYP" */;
			buildPhases = (
				E6D3EB049563482B81E931D3 /* [CP] Check Pods Manifest.lock */,
				CEEBB2AA27A18EA200696424 /* Sources */,
				CEEBB2AB27A18EA200696424 /* Frameworks */,
				CEEBB2AC27A18EA200696424 /* Resources */,
				955358E50BA3E6D9A923DA6B /* [CP] Embed Pods Frameworks */,
			);
			buildRules = (
			);
			dependencies = (
			);
			name = FYP;
			packageProductDependencies = (
				CE95081027D0B0D900926835 /* SwiftECC */,
			);
			productName = FYP;
			productReference = CEEBB2AE27A18EA200696424 /* FYP.app */;
			productType = "com.apple.product-type.application";
		};
		CEEBB2CF27A6B85D00696424 /* FYPTests */ = {
			isa = PBXNativeTarget;
			buildConfigurationList = CEEBB2D627A6B85D00696424 /* Build configuration list for PBXNativeTarget "FYPTests" */;
			buildPhases = (
				CEEBB2CC27A6B85D00696424 /* Sources */,
				CEEBB2CD27A6B85D00696424 /* Frameworks */,
				CEEBB2CE27A6B85D00696424 /* Resources */,
			);
			buildRules = (
			);
			dependencies = (
				CEEBB2D527A6B85D00696424 /* PBXTargetDependency */,
			);
			name = FYPTests;
			productName = FYPTests;
			productReference = CEEBB2D027A6B85D00696424 /* FYPTests.xctest */;
			productType = "com.apple.product-type.bundle.unit-test";
		};
/* End PBXNativeTarget section */

/* Begin PBXProject section */
		CEEBB2A627A18EA200696424 /* Project object */ = {
			isa = PBXProject;
			attributes = {
				BuildIndependentTargetsInParallel = 1;
				LastSwiftUpdateCheck = 1320;
				LastUpgradeCheck = 1320;
				TargetAttributes = {
					CEEBB2AD27A18EA200696424 = {
						CreatedOnToolsVersion = 13.2.1;
					};
					CEEBB2CF27A6B85D00696424 = {
						CreatedOnToolsVersion = 13.2.1;
						TestTargetID = CEEBB2AD27A18EA200696424;
					};
				};
			};
			buildConfigurationList = CEEBB2A927A18EA200696424 /* Build configuration list for PBXProject "FYP" */;
			compatibilityVersion = "Xcode 13.0";
			developmentRegion = en;
			hasScannedForEncodings = 0;
			knownRegions = (
				en,
				Base,
			);
			mainGroup = CEEBB2A527A18EA200696424;
			packageReferences = (
				CE95080F27D0B0D900926835 /* XCRemoteSwiftPackageReference "SwiftECC" */,
			);
			productRefGroup = CEEBB2AF27A18EA200696424 /* Products */;
			projectDirPath = "";
			projectRoot = "";
			targets = (
				CEEBB2AD27A18EA200696424 /* FYP */,
				CEEBB2CF27A6B85D00696424 /* FYPTests */,
			);
		};
/* End PBXProject section */

/* Begin PBXResourcesBuildPhase section */
		CEEBB2AC27A18EA200696424 /* Resources */ = {
			isa = PBXResourcesBuildPhase;
			buildActionMask = 2147483647;
			files = (
				CEEBB2E027A6BEBD00696424 /* vectors.json in Resources */,
				CEEBB2B927A18EA300696424 /* Preview Assets.xcassets in Resources */,
				CEEBB2B627A18EA300696424 /* Assets.xcassets in Resources */,
			);
			runOnlyForDeploymentPostprocessing = 0;
		};
		CEEBB2CE27A6B85D00696424 /* Resources */ = {
			isa = PBXResourcesBuildPhase;
			buildActionMask = 2147483647;
			files = (
				CEEBB2E127A6BEBD00696424 /* vectors.json in Resources */,
			);
			runOnlyForDeploymentPostprocessing = 0;
		};
/* End PBXResourcesBuildPhase section */

/* Begin PBXShellScriptBuildPhase section */
		955358E50BA3E6D9A923DA6B /* [CP] Embed Pods Frameworks */ = {
			isa = PBXShellScriptBuildPhase;
			buildActionMask = 2147483647;
			files = (
			);
			inputFileListPaths = (
				"${PODS_ROOT}/Target Support Files/Pods-FYP/Pods-FYP-frameworks-${CONFIGURATION}-input-files.xcfilelist",
			);
			name = "[CP] Embed Pods Frameworks";
			outputFileListPaths = (
				"${PODS_ROOT}/Target Support Files/Pods-FYP/Pods-FYP-frameworks-${CONFIGURATION}-output-files.xcfilelist",
			);
			runOnlyForDeploymentPostprocessing = 0;
			shellPath = /bin/sh;
			shellScript = "\"${PODS_ROOT}/Target Support Files/Pods-FYP/Pods-FYP-frameworks.sh\"\n";
			showEnvVarsInLog = 0;
		};
		E6D3EB049563482B81E931D3 /* [CP] Check Pods Manifest.lock */ = {
			isa = PBXShellScriptBuildPhase;
			buildActionMask = 2147483647;
			files = (
			);
			inputFileListPaths = (
			);
			inputPaths = (
				"${PODS_PODFILE_DIR_PATH}/Podfile.lock",
				"${PODS_ROOT}/Manifest.lock",
			);
			name = "[CP] Check Pods Manifest.lock";
			outputFileListPaths = (
			);
			outputPaths = (
				"$(DERIVED_FILE_DIR)/Pods-FYP-checkManifestLockResult.txt",
			);
			runOnlyForDeploymentPostprocessing = 0;
			shellPath = /bin/sh;
			shellScript = "diff \"${PODS_PODFILE_DIR_PATH}/Podfile.lock\" \"${PODS_ROOT}/Manifest.lock\" > /dev/null\nif [ $? != 0 ] ; then\n    # print error to STDERR\n    echo \"error: The sandbox is not in sync with the Podfile.lock. Run 'pod install' or update your CocoaPods installation.\" >&2\n    exit 1\nfi\n# This output is used by Xcode 'outputs' to avoid re-running this script phase.\necho \"SUCCESS\" > \"${SCRIPT_OUTPUT_FILE_0}\"\n";
			showEnvVarsInLog = 0;
		};
/* End PBXShellScriptBuildPhase section */

/* Begin PBXSourcesBuildPhase section */
		CEEBB2AA27A18EA200696424 /* Sources */ = {
			isa = PBXSourcesBuildPhase;
			buildActionMask = 2147483647;
			files = (
				CE7F2EB427C675C200A026BD /* Crypto.swift in Sources */,
				CEEBB2C627A3CEE000696424 /* Extensions.swift in Sources */,
				CE95080E27CF8D0C00926835 /* BInt-Extensions.swift in Sources */,
				CEEBB2C227A2E35500696424 /* Mnemonic.swift in Sources */,
				CE95080C27CF8C9A00926835 /* BInt.swift in Sources */,
				CEEBB2B427A18EA200696424 /* ContentView.swift in Sources */,
				C2D93FC827EC850F00F7BD2C /* HDKeychain.swift in Sources */,
				CE7F2EB027C66C9400A026BD /* HDPrivateKey.swift in Sources */,
				CEEBB2B227A18EA200696424 /* FYPApp.swift in Sources */,
				CEEBB2C427A2E82600696424 /* MnemonicWordsList.swift in Sources */,
				CE7F2EB227C66CA200A026BD /* HDPublicKey.swift in Sources */,
			);
			runOnlyForDeploymentPostprocessing = 0;
		};
		CEEBB2CC27A6B85D00696424 /* Sources */ = {
			isa = PBXSourcesBuildPhase;
			buildActionMask = 2147483647;
			files = (
				CEEBB2DB27A6B88300696424 /* MnemonicTests.swift in Sources */,
			);
			runOnlyForDeploymentPostprocessing = 0;
		};
/* End PBXSourcesBuildPhase section */

/* Begin PBXTargetDependency section */
		CEEBB2D527A6B85D00696424 /* PBXTargetDependency */ = {
			isa = PBXTargetDependency;
			target = CEEBB2AD27A18EA200696424 /* FYP */;
			targetProxy = CEEBB2D427A6B85D00696424 /* PBXContainerItemProxy */;
		};
/* End PBXTargetDependency section */

/* Begin XCBuildConfiguration section */
		CEEBB2BA27A18EA300696424 /* Debug */ = {
			isa = XCBuildConfiguration;
			buildSettings = {
				ALWAYS_SEARCH_USER_PATHS = NO;
				CLANG_ANALYZER_NONNULL = YES;
				CLANG_ANALYZER_NUMBER_OBJECT_CONVERSION = YES_AGGRESSIVE;
				CLANG_CXX_LANGUAGE_STANDARD = "gnu++17";
				CLANG_CXX_LIBRARY = "libc++";
				CLANG_ENABLE_MODULES = YES;
				CLANG_ENABLE_OBJC_ARC = YES;
				CLANG_ENABLE_OBJC_WEAK = YES;
				CLANG_WARN_BLOCK_CAPTURE_AUTORELEASING = YES;
				CLANG_WARN_BOOL_CONVERSION = YES;
				CLANG_WARN_COMMA = YES;
				CLANG_WARN_CONSTANT_CONVERSION = YES;
				CLANG_WARN_DEPRECATED_OBJC_IMPLEMENTATIONS = YES;
				CLANG_WARN_DIRECT_OBJC_ISA_USAGE = YES_ERROR;
				CLANG_WARN_DOCUMENTATION_COMMENTS = YES;
				CLANG_WARN_EMPTY_BODY = YES;
				CLANG_WARN_ENUM_CONVERSION = YES;
				CLANG_WARN_INFINITE_RECURSION = YES;
				CLANG_WARN_INT_CONVERSION = YES;
				CLANG_WARN_NON_LITERAL_NULL_CONVERSION = YES;
				CLANG_WARN_OBJC_IMPLICIT_RETAIN_SELF = YES;
				CLANG_WARN_OBJC_LITERAL_CONVERSION = YES;
				CLANG_WARN_OBJC_ROOT_CLASS = YES_ERROR;
				CLANG_WARN_QUOTED_INCLUDE_IN_FRAMEWORK_HEADER = YES;
				CLANG_WARN_RANGE_LOOP_ANALYSIS = YES;
				CLANG_WARN_STRICT_PROTOTYPES = YES;
				CLANG_WARN_SUSPICIOUS_MOVE = YES;
				CLANG_WARN_UNGUARDED_AVAILABILITY = YES_AGGRESSIVE;
				CLANG_WARN_UNREACHABLE_CODE = YES;
				CLANG_WARN__DUPLICATE_METHOD_MATCH = YES;
				COPY_PHASE_STRIP = NO;
				DEBUG_INFORMATION_FORMAT = dwarf;
				ENABLE_STRICT_OBJC_MSGSEND = YES;
				ENABLE_TESTABILITY = YES;
				GCC_C_LANGUAGE_STANDARD = gnu11;
				GCC_DYNAMIC_NO_PIC = NO;
				GCC_NO_COMMON_BLOCKS = YES;
				GCC_OPTIMIZATION_LEVEL = 0;
				GCC_PREPROCESSOR_DEFINITIONS = (
					"DEBUG=1",
					"$(inherited)",
				);
				GCC_WARN_64_TO_32_BIT_CONVERSION = YES;
				GCC_WARN_ABOUT_RETURN_TYPE = YES_ERROR;
				GCC_WARN_UNDECLARED_SELECTOR = YES;
				GCC_WARN_UNINITIALIZED_AUTOS = YES_AGGRESSIVE;
				GCC_WARN_UNUSED_FUNCTION = YES;
				GCC_WARN_UNUSED_VARIABLE = YES;
				IPHONEOS_DEPLOYMENT_TARGET = 15.2;
				MTL_ENABLE_DEBUG_INFO = INCLUDE_SOURCE;
				MTL_FAST_MATH = YES;
				ONLY_ACTIVE_ARCH = YES;
				SDKROOT = iphoneos;
				SWIFT_ACTIVE_COMPILATION_CONDITIONS = DEBUG;
				SWIFT_OPTIMIZATION_LEVEL = "-Onone";
			};
			name = Debug;
		};
		CEEBB2BB27A18EA300696424 /* Release */ = {
			isa = XCBuildConfiguration;
			buildSettings = {
				ALWAYS_SEARCH_USER_PATHS = NO;
				CLANG_ANALYZER_NONNULL = YES;
				CLANG_ANALYZER_NUMBER_OBJECT_CONVERSION = YES_AGGRESSIVE;
				CLANG_CXX_LANGUAGE_STANDARD = "gnu++17";
				CLANG_CXX_LIBRARY = "libc++";
				CLANG_ENABLE_MODULES = YES;
				CLANG_ENABLE_OBJC_ARC = YES;
				CLANG_ENABLE_OBJC_WEAK = YES;
				CLANG_WARN_BLOCK_CAPTURE_AUTORELEASING = YES;
				CLANG_WARN_BOOL_CONVERSION = YES;
				CLANG_WARN_COMMA = YES;
				CLANG_WARN_CONSTANT_CONVERSION = YES;
				CLANG_WARN_DEPRECATED_OBJC_IMPLEMENTATIONS = YES;
				CLANG_WARN_DIRECT_OBJC_ISA_USAGE = YES_ERROR;
				CLANG_WARN_DOCUMENTATION_COMMENTS = YES;
				CLANG_WARN_EMPTY_BODY = YES;
				CLANG_WARN_ENUM_CONVERSION = YES;
				CLANG_WARN_INFINITE_RECURSION = YES;
				CLANG_WARN_INT_CONVERSION = YES;
				CLANG_WARN_NON_LITERAL_NULL_CONVERSION = YES;
				CLANG_WARN_OBJC_IMPLICIT_RETAIN_SELF = YES;
				CLANG_WARN_OBJC_LITERAL_CONVERSION = YES;
				CLANG_WARN_OBJC_ROOT_CLASS = YES_ERROR;
				CLANG_WARN_QUOTED_INCLUDE_IN_FRAMEWORK_HEADER = YES;
				CLANG_WARN_RANGE_LOOP_ANALYSIS = YES;
				CLANG_WARN_STRICT_PROTOTYPES = YES;
				CLANG_WARN_SUSPICIOUS_MOVE = YES;
				CLANG_WARN_UNGUARDED_AVAILABILITY = YES_AGGRESSIVE;
				CLANG_WARN_UNREACHABLE_CODE = YES;
				CLANG_WARN__DUPLICATE_METHOD_MATCH = YES;
				COPY_PHASE_STRIP = NO;
				DEBUG_INFORMATION_FORMAT = "dwarf-with-dsym";
				ENABLE_NS_ASSERTIONS = NO;
				ENABLE_STRICT_OBJC_MSGSEND = YES;
				GCC_C_LANGUAGE_STANDARD = gnu11;
				GCC_NO_COMMON_BLOCKS = YES;
				GCC_WARN_64_TO_32_BIT_CONVERSION = YES;
				GCC_WARN_ABOUT_RETURN_TYPE = YES_ERROR;
				GCC_WARN_UNDECLARED_SELECTOR = YES;
				GCC_WARN_UNINITIALIZED_AUTOS = YES_AGGRESSIVE;
				GCC_WARN_UNUSED_FUNCTION = YES;
				GCC_WARN_UNUSED_VARIABLE = YES;
				IPHONEOS_DEPLOYMENT_TARGET = 15.2;
				MTL_ENABLE_DEBUG_INFO = NO;
				MTL_FAST_MATH = YES;
				SDKROOT = iphoneos;
				SWIFT_COMPILATION_MODE = wholemodule;
				SWIFT_OPTIMIZATION_LEVEL = "-O";
				VALIDATE_PRODUCT = YES;
			};
			name = Release;
		};
		CEEBB2BD27A18EA300696424 /* Debug */ = {
			isa = XCBuildConfiguration;
			baseConfigurationReference = E91D3333F591793E2529903D /* Pods-FYP.debug.xcconfig */;
			buildSettings = {
				ASSETCATALOG_COMPILER_APPICON_NAME = AppIcon;
				ASSETCATALOG_COMPILER_GLOBAL_ACCENT_COLOR_NAME = AccentColor;
				CODE_SIGN_STYLE = Automatic;
				CURRENT_PROJECT_VERSION = 1;
				DEVELOPMENT_ASSET_PATHS = "\"FYP/Preview Content\"";
				DEVELOPMENT_TEAM = KMK972CQ4D;
				ENABLE_PREVIEWS = YES;
				GENERATE_INFOPLIST_FILE = YES;
				INFOPLIST_KEY_UIApplicationSceneManifest_Generation = YES;
				INFOPLIST_KEY_UIApplicationSupportsIndirectInputEvents = YES;
				INFOPLIST_KEY_UILaunchScreen_Generation = YES;
				INFOPLIST_KEY_UISupportedInterfaceOrientations_iPad = "UIInterfaceOrientationPortrait UIInterfaceOrientationPortraitUpsideDown UIInterfaceOrientationLandscapeLeft UIInterfaceOrientationLandscapeRight";
				INFOPLIST_KEY_UISupportedInterfaceOrientations_iPhone = "UIInterfaceOrientationPortrait UIInterfaceOrientationLandscapeLeft UIInterfaceOrientationLandscapeRight";
				IPHONEOS_DEPLOYMENT_TARGET = 14.0;
				LD_RUNPATH_SEARCH_PATHS = (
					"$(inherited)",
					"@executable_path/Frameworks",
				);
				MARKETING_VERSION = 1.0;
				PRODUCT_BUNDLE_IDENTIFIER = com.nzakirov2.FYP;
				PRODUCT_NAME = "$(TARGET_NAME)";
				SWIFT_EMIT_LOC_STRINGS = YES;
				SWIFT_VERSION = 5.0;
				TARGETED_DEVICE_FAMILY = 1;
			};
			name = Debug;
		};
		CEEBB2BE27A18EA300696424 /* Release */ = {
			isa = XCBuildConfiguration;
			baseConfigurationReference = E601697D0EDC6A53F5ADC353 /* Pods-FYP.release.xcconfig */;
			buildSettings = {
				ASSETCATALOG_COMPILER_APPICON_NAME = AppIcon;
				ASSETCATALOG_COMPILER_GLOBAL_ACCENT_COLOR_NAME = AccentColor;
				CODE_SIGN_STYLE = Automatic;
				CURRENT_PROJECT_VERSION = 1;
				DEVELOPMENT_ASSET_PATHS = "\"FYP/Preview Content\"";
				DEVELOPMENT_TEAM = KMK972CQ4D;
				ENABLE_PREVIEWS = YES;
				GENERATE_INFOPLIST_FILE = YES;
				INFOPLIST_KEY_UIApplicationSceneManifest_Generation = YES;
				INFOPLIST_KEY_UIApplicationSupportsIndirectInputEvents = YES;
				INFOPLIST_KEY_UILaunchScreen_Generation = YES;
				INFOPLIST_KEY_UISupportedInterfaceOrientations_iPad = "UIInterfaceOrientationPortrait UIInterfaceOrientationPortraitUpsideDown UIInterfaceOrientationLandscapeLeft UIInterfaceOrientationLandscapeRight";
				INFOPLIST_KEY_UISupportedInterfaceOrientations_iPhone = "UIInterfaceOrientationPortrait UIInterfaceOrientationLandscapeLeft UIInterfaceOrientationLandscapeRight";
				IPHONEOS_DEPLOYMENT_TARGET = 14.0;
				LD_RUNPATH_SEARCH_PATHS = (
					"$(inherited)",
					"@executable_path/Frameworks",
				);
				MARKETING_VERSION = 1.0;
				PRODUCT_BUNDLE_IDENTIFIER = com.nzakirov2.FYP;
				PRODUCT_NAME = "$(TARGET_NAME)";
				SWIFT_EMIT_LOC_STRINGS = YES;
				SWIFT_VERSION = 5.0;
				TARGETED_DEVICE_FAMILY = 1;
			};
			name = Release;
		};
		CEEBB2D727A6B85D00696424 /* Debug */ = {
			isa = XCBuildConfiguration;
			buildSettings = {
				BUNDLE_LOADER = "$(TEST_HOST)";
				CODE_SIGN_STYLE = Automatic;
				CURRENT_PROJECT_VERSION = 1;
				DEVELOPMENT_TEAM = KMK972CQ4D;
				GENERATE_INFOPLIST_FILE = YES;
				MARKETING_VERSION = 1.0;
				PRODUCT_BUNDLE_IDENTIFIER = com.nzakirov2.FYPTests;
				PRODUCT_NAME = "$(TARGET_NAME)";
				SWIFT_EMIT_LOC_STRINGS = NO;
				SWIFT_VERSION = 5.0;
				TARGETED_DEVICE_FAMILY = "1,2";
				TEST_HOST = "$(BUILT_PRODUCTS_DIR)/FYP.app/FYP";
			};
			name = Debug;
		};
		CEEBB2D827A6B85D00696424 /* Release */ = {
			isa = XCBuildConfiguration;
			buildSettings = {
				BUNDLE_LOADER = "$(TEST_HOST)";
				CODE_SIGN_STYLE = Automatic;
				CURRENT_PROJECT_VERSION = 1;
				DEVELOPMENT_TEAM = KMK972CQ4D;
				GENERATE_INFOPLIST_FILE = YES;
				MARKETING_VERSION = 1.0;
				PRODUCT_BUNDLE_IDENTIFIER = com.nzakirov2.FYPTests;
				PRODUCT_NAME = "$(TARGET_NAME)";
				SWIFT_EMIT_LOC_STRINGS = NO;
				SWIFT_VERSION = 5.0;
				TARGETED_DEVICE_FAMILY = "1,2";
				TEST_HOST = "$(BUILT_PRODUCTS_DIR)/FYP.app/FYP";
			};
			name = Release;
		};
/* End XCBuildConfiguration section */

/* Begin XCConfigurationList section */
		CEEBB2A927A18EA200696424 /* Build configuration list for PBXProject "FYP" */ = {
			isa = XCConfigurationList;
			buildConfigurations = (
				CEEBB2BA27A18EA300696424 /* Debug */,
				CEEBB2BB27A18EA300696424 /* Release */,
			);
			defaultConfigurationIsVisible = 0;
			defaultConfigurationName = Release;
		};
		CEEBB2BC27A18EA300696424 /* Build configuration list for PBXNativeTarget "FYP" */ = {
			isa = XCConfigurationList;
			buildConfigurations = (
				CEEBB2BD27A18EA300696424 /* Debug */,
				CEEBB2BE27A18EA300696424 /* Release */,
			);
			defaultConfigurationIsVisible = 0;
			defaultConfigurationName = Release;
		};
		CEEBB2D627A6B85D00696424 /* Build configuration list for PBXNativeTarget "FYPTests" */ = {
			isa = XCConfigurationList;
			buildConfigurations = (
				CEEBB2D727A6B85D00696424 /* Debug */,
				CEEBB2D827A6B85D00696424 /* Release */,
			);
			defaultConfigurationIsVisible = 0;
			defaultConfigurationName = Release;
		};
/* End XCConfigurationList section */

/* Begin XCRemoteSwiftPackageReference section */
		CE95080F27D0B0D900926835 /* XCRemoteSwiftPackageReference "SwiftECC" */ = {
			isa = XCRemoteSwiftPackageReference;
			repositoryURL = "https://github.com/leif-ibsen/SwiftECC";
			requirement = {
				kind = upToNextMinorVersion;
				minimumVersion = 2.2.0;
			};
		};
/* End XCRemoteSwiftPackageReference section */

/* Begin XCSwiftPackageProductDependency section */
		CE95081027D0B0D900926835 /* SwiftECC */ = {
			isa = XCSwiftPackageProductDependency;
			package = CE95080F27D0B0D900926835 /* XCRemoteSwiftPackageReference "SwiftECC" */;
			productName = SwiftECC;
		};
/* End XCSwiftPackageProductDependency section */
	};
	rootObject = CEEBB2A627A18EA200696424 /* Project object */;
}
